
Microsoft Visual Studio Solution File, Format Version 12.00
# Visual Studio Version 16
VisualStudioVersion = 16.0.33927.289
MinimumVisualStudioVersion = 10.0.40219.1
Project("{8BC9CEB8-8B4A-11D0-8D11-00A0C91BC942}") = "lab8", "lab8\lab8.vcxproj", "{B5F92C14-C806-4FA1-A918-229541BDA337}"
EndProject
Global
	GlobalSection(SolutionConfigurationPlatforms) = preSolution
		Debug|x64 = Debug|x64
		Debug|x86 = Debug|x86
		Release|x64 = Release|x64
		Release|x86 = Release|x86
	EndGlobalSection
	GlobalSection(ProjectConfigurationPlatforms) = postSolution
		{B5F92C14-C806-4FA1-A918-229541BDA337}.Debug|x64.ActiveCfg = Debug|x64
		{B5F92C14-C806-4FA1-A918-229541BDA337}.Debug|x64.Build.0 = Debug|x64
		{B5F92C14-C806-4FA1-A918-229541BDA337}.Debug|x86.ActiveCfg = Debug|Win32
		{B5F92C14-C806-4FA1-A918-229541BDA337}.Debug|x86.Build.0 = Debug|Win32
		{B5F92C14-C806-4FA1-A918-229541BDA337}.Release|x64.ActiveCfg = Release|x64
		{B5F92C14-C806-4FA1-A918-229541BDA337}.Release|x64.Build.0 = Release|x64
		{B5F92C14-C806-4FA1-A918-229541BDA337}.Release|x86.ActiveCfg = Release|Win32
		{B5F92C14-C806-4FA1-A918-229541BDA337}.Release|x86.Build.0 = Release|Win32
	EndGlobalSection
	GlobalSection(SolutionProperties) = preSolution
		HideSolutionNode = FALSE
	EndGlobalSection
	GlobalSection(ExtensibilityGlobals) = postSolution
		SolutionGuid = {5A29DD70-6F9B-4CD5-A747-9B48705DC6D5}
	EndGlobalSection
EndGlobal
