
Microsoft Visual Studio Solution File, Format Version 12.00
# Visual Studio Version 16
VisualStudioVersion = 16.0.33927.289
MinimumVisualStudioVersion = 10.0.40219.1
Project("{8BC9CEB8-8B4A-11D0-8D11-00A0C91BC942}") = "lab4", "lab4\lab4.vcxproj", "{EEEC780F-14DB-43CC-9B2E-373E21E3681B}"
EndProject
Global
	GlobalSection(SolutionConfigurationPlatforms) = preSolution
		Debug|x64 = Debug|x64
		Debug|x86 = Debug|x86
		Release|x64 = Release|x64
		Release|x86 = Release|x86
	EndGlobalSection
	GlobalSection(ProjectConfigurationPlatforms) = postSolution
		{EEEC780F-14DB-43CC-9B2E-373E21E3681B}.Debug|x64.ActiveCfg = Debug|x64
		{EEEC780F-14DB-43CC-9B2E-373E21E3681B}.Debug|x64.Build.0 = Debug|x64
		{EEEC780F-14DB-43CC-9B2E-373E21E3681B}.Debug|x86.ActiveCfg = Debug|Win32
		{EEEC780F-14DB-43CC-9B2E-373E21E3681B}.Debug|x86.Build.0 = Debug|Win32
		{EEEC780F-14DB-43CC-9B2E-373E21E3681B}.Release|x64.ActiveCfg = Release|x64
		{EEEC780F-14DB-43CC-9B2E-373E21E3681B}.Release|x64.Build.0 = Release|x64
		{EEEC780F-14DB-43CC-9B2E-373E21E3681B}.Release|x86.ActiveCfg = Release|Win32
		{EEEC780F-14DB-43CC-9B2E-373E21E3681B}.Release|x86.Build.0 = Release|Win32
	EndGlobalSection
	GlobalSection(SolutionProperties) = preSolution
		HideSolutionNode = FALSE
	EndGlobalSection
	GlobalSection(ExtensibilityGlobals) = postSolution
		SolutionGuid = {FE44DEAE-44E0-4854-9FEC-24C93888C0E8}
	EndGlobalSection
EndGlobal
